
Microsoft Visual Studio Solution File, Format Version 12.00
# Visual Studio Version 17
VisualStudioVersion = 17.4.33205.214
MinimumVisualStudioVersion = 10.0.40219.1
Project("{FAE04EC0-301F-11D3-BF4B-00C04F79EFBC}") = "XMLReader", "XMLReader\XMLReader.csproj", "{70AAA4D1-33AB-4447-A735-6AD7A24931E7}"
EndProject
Global
	GlobalSection(SolutionConfigurationPlatforms) = preSolution
		Debug|Any CPU = Debug|Any CPU
		Release|Any CPU = Release|Any CPU
	EndGlobalSection
	GlobalSection(ProjectConfigurationPlatforms) = postSolution
		{70AAA4D1-33AB-4447-A735-6AD7A24931E7}.Debug|Any CPU.ActiveCfg = Debug|Any CPU
		{70AAA4D1-33AB-4447-A735-6AD7A24931E7}.Debug|Any CPU.Build.0 = Debug|Any CPU
		{70AAA4D1-33AB-4447-A735-6AD7A24931E7}.Release|Any CPU.ActiveCfg = Release|Any CPU
		{70AAA4D1-33AB-4447-A735-6AD7A24931E7}.Release|Any CPU.Build.0 = Release|Any CPU
	EndGlobalSection
	GlobalSection(SolutionProperties) = preSolution
		HideSolutionNode = FALSE
	EndGlobalSection
	GlobalSection(ExtensibilityGlobals) = postSolution
		SolutionGuid = {52431A75-D2AF-42C2-AF79-54B7EF6AEDD9}
	EndGlobalSection
EndGlobal
